// !$*UTF8*$!
{
	archiveVersion = 1;
	classes = {
	};
	objectVersion = 48;
	objects = {

/* Begin PBXBuildFile section */
		06AACD271FB4390600858F31 /* AppDelegate.swift in Sources */ = {isa = PBXBuildFile; fileRef = 06AACD261FB4390600858F31 /* AppDelegate.swift */; };
		06AACD291FB4390600858F31 /* ViewController.swift in Sources */ = {isa = PBXBuildFile; fileRef = 06AACD281FB4390600858F31 /* ViewController.swift */; };
		06AACD2C1FB4390600858F31 /* Main.storyboard in Resources */ = {isa = PBXBuildFile; fileRef = 06AACD2A1FB4390600858F31 /* Main.storyboard */; };
		06AACD2E1FB4390600858F31 /* Assets.xcassets in Resources */ = {isa = PBXBuildFile; fileRef = 06AACD2D1FB4390600858F31 /* Assets.xcassets */; };
		06AACD311FB4390600858F31 /* LaunchScreen.storyboard in Resources */ = {isa = PBXBuildFile; fileRef = 06AACD2F1FB4390600858F31 /* LaunchScreen.storyboard */; };
		06AACD3C1FB4390600858F31 /* ReplayKitMovieTests.swift in Sources */ = {isa = PBXBuildFile; fileRef = 06AACD3B1FB4390600858F31 /* ReplayKitMovieTests.swift */; };
		06AACD471FB4390700858F31 /* ReplayKitMovieUITests.swift in Sources */ = {isa = PBXBuildFile; fileRef = 06AACD461FB4390700858F31 /* ReplayKitMovieUITests.swift */; };
		06AACD551FB5BD3900858F31 /* TabcameraViewController.swift in Sources */ = {isa = PBXBuildFile; fileRef = 06AACD541FB5BD3900858F31 /* TabcameraViewController.swift */; };
		06AACD561FB5BEB800858F31 /* Font_Awesome_Swift.framework in Frameworks */ = {isa = PBXBuildFile; fileRef = 06AACD581FB5BEB800858F31 /* Font_Awesome_Swift.framework */; };
		06AACD571FB5BEB800858F31 /* Material.framework in Frameworks */ = {isa = PBXBuildFile; fileRef = 06AACD591FB5BEB800858F31 /* Material.framework */; };
		06AACD5A1FB5BEBD00858F31 /* Realm.framework in Frameworks */ = {isa = PBXBuildFile; fileRef = 06AACD5C1FB5BEBD00858F31 /* Realm.framework */; };
		06AACD5B1FB5BEBD00858F31 /* RealmSwift.framework in Frameworks */ = {isa = PBXBuildFile; fileRef = 06AACD5D1FB5BEBD00858F31 /* RealmSwift.framework */; };
		06AACD5E1FB5C0A300858F31 /* Pods_ReplayKitMovieTests.framework in Frameworks */ = {isa = PBXBuildFile; fileRef = 06AACD601FB5C0A300858F31 /* Pods_ReplayKitMovieTests.framework */; };
		06AACD5F1FB5C0A300858F31 /* Pods_ReplayKitMovieUITests.framework in Frameworks */ = {isa = PBXBuildFile; fileRef = 06AACD611FB5C0A300858F31 /* Pods_ReplayKitMovieUITests.framework */; };
		06AACD621FB5C0DF00858F31 /* TabcameraViewController.swift in Resources */ = {isa = PBXBuildFile; fileRef = 06AACD541FB5BD3900858F31 /* TabcameraViewController.swift */; };
		06AACD631FB5C0E600858F31 /* ViewController.swift in Resources */ = {isa = PBXBuildFile; fileRef = 06AACD281FB4390600858F31 /* ViewController.swift */; };
		06AACD651FB5CC1600858F31 /* CameraViewController.swift in Sources */ = {isa = PBXBuildFile; fileRef = 06AACD641FB5CC1600858F31 /* CameraViewController.swift */; };
		06AACD661FB5D93500858F31 /* CameraViewController.swift in Resources */ = {isa = PBXBuildFile; fileRef = 06AACD641FB5CC1600858F31 /* CameraViewController.swift */; };
		7B477F75954B977F770CF221 /* Pods_ReplayKitMovieTests.framework in Frameworks */ = {isa = PBXBuildFile; fileRef = 0BB57395EFEED0055420497A /* Pods_ReplayKitMovieTests.framework */; };
		800ED0C8FFCA9847F36E0027 /* Pods_ReplayKitMovieUITests.framework in Frameworks */ = {isa = PBXBuildFile; fileRef = 15A851B49DC3B2461B2D2A89 /* Pods_ReplayKitMovieUITests.framework */; };
		E1B6CE18682F4165C9FAA547 /* Pods_ReplayKitMovie.framework in Frameworks */ = {isa = PBXBuildFile; fileRef = 4446ECF2284573058F24DBCC /* Pods_ReplayKitMovie.framework */; };
/* End PBXBuildFile section */

/* Begin PBXContainerItemProxy section */
		06AACD381FB4390600858F31 /* PBXContainerItemProxy */ = {
			isa = PBXContainerItemProxy;
			containerPortal = 06AACD1B1FB4390600858F31 /* Project object */;
			proxyType = 1;
			remoteGlobalIDString = 06AACD221FB4390600858F31;
			remoteInfo = ReplayKitMovie;
		};
		06AACD431FB4390600858F31 /* PBXContainerItemProxy */ = {
			isa = PBXContainerItemProxy;
			containerPortal = 06AACD1B1FB4390600858F31 /* Project object */;
			proxyType = 1;
			remoteGlobalIDString = 06AACD221FB4390600858F31;
			remoteInfo = ReplayKitMovie;
		};
/* End PBXContainerItemProxy section */

/* Begin PBXFileReference section */
		06AACD231FB4390600858F31 /* ReplayKitMovie.app */ = {isa = PBXFileReference; explicitFileType = wrapper.application; includeInIndex = 0; path = ReplayKitMovie.app; sourceTree = BUILT_PRODUCTS_DIR; };
		06AACD261FB4390600858F31 /* AppDelegate.swift */ = {isa = PBXFileReference; lastKnownFileType = sourcecode.swift; path = AppDelegate.swift; sourceTree = "<group>"; };
		06AACD281FB4390600858F31 /* ViewController.swift */ = {isa = PBXFileReference; lastKnownFileType = sourcecode.swift; path = ViewController.swift; sourceTree = "<group>"; };
		06AACD2B1FB4390600858F31 /* Base */ = {isa = PBXFileReference; lastKnownFileType = file.storyboard; name = Base; path = Base.lproj/Main.storyboard; sourceTree = "<group>"; };
		06AACD2D1FB4390600858F31 /* Assets.xcassets */ = {isa = PBXFileReference; lastKnownFileType = folder.assetcatalog; path = Assets.xcassets; sourceTree = "<group>"; };
		06AACD301FB4390600858F31 /* Base */ = {isa = PBXFileReference; lastKnownFileType = file.storyboard; name = Base; path = Base.lproj/LaunchScreen.storyboard; sourceTree = "<group>"; };
		06AACD321FB4390600858F31 /* Info.plist */ = {isa = PBXFileReference; lastKnownFileType = text.plist.xml; path = Info.plist; sourceTree = "<group>"; };
		06AACD371FB4390600858F31 /* ReplayKitMovieTests.xctest */ = {isa = PBXFileReference; explicitFileType = wrapper.cfbundle; includeInIndex = 0; path = ReplayKitMovieTests.xctest; sourceTree = BUILT_PRODUCTS_DIR; };
		06AACD3B1FB4390600858F31 /* ReplayKitMovieTests.swift */ = {isa = PBXFileReference; lastKnownFileType = sourcecode.swift; path = ReplayKitMovieTests.swift; sourceTree = "<group>"; };
		06AACD3D1FB4390600858F31 /* Info.plist */ = {isa = PBXFileReference; lastKnownFileType = text.plist.xml; path = Info.plist; sourceTree = "<group>"; };
		06AACD421FB4390600858F31 /* ReplayKitMovieUITests.xctest */ = {isa = PBXFileReference; explicitFileType = wrapper.cfbundle; includeInIndex = 0; path = ReplayKitMovieUITests.xctest; sourceTree = BUILT_PRODUCTS_DIR; };
		06AACD461FB4390700858F31 /* ReplayKitMovieUITests.swift */ = {isa = PBXFileReference; lastKnownFileType = sourcecode.swift; path = ReplayKitMovieUITests.swift; sourceTree = "<group>"; };
		06AACD481FB4390700858F31 /* Info.plist */ = {isa = PBXFileReference; lastKnownFileType = text.plist.xml; path = Info.plist; sourceTree = "<group>"; };
		06AACD541FB5BD3900858F31 /* TabcameraViewController.swift */ = {isa = PBXFileReference; lastKnownFileType = sourcecode.swift; path = TabcameraViewController.swift; sourceTree = "<group>"; };
		06AACD581FB5BEB800858F31 /* Font_Awesome_Swift.framework */ = {isa = PBXFileReference; explicitFileType = wrapper.framework; path = Font_Awesome_Swift.framework; sourceTree = BUILT_PRODUCTS_DIR; };
		06AACD591FB5BEB800858F31 /* Material.framework */ = {isa = PBXFileReference; explicitFileType = wrapper.framework; path = Material.framework; sourceTree = BUILT_PRODUCTS_DIR; };
		06AACD5C1FB5BEBD00858F31 /* Realm.framework */ = {isa = PBXFileReference; explicitFileType = wrapper.framework; path = Realm.framework; sourceTree = BUILT_PRODUCTS_DIR; };
		06AACD5D1FB5BEBD00858F31 /* RealmSwift.framework */ = {isa = PBXFileReference; explicitFileType = wrapper.framework; path = RealmSwift.framework; sourceTree = BUILT_PRODUCTS_DIR; };
		06AACD601FB5C0A300858F31 /* Pods_ReplayKitMovieTests.framework */ = {isa = PBXFileReference; explicitFileType = wrapper.framework; path = Pods_ReplayKitMovieTests.framework; sourceTree = BUILT_PRODUCTS_DIR; };
		06AACD611FB5C0A300858F31 /* Pods_ReplayKitMovieUITests.framework */ = {isa = PBXFileReference; explicitFileType = wrapper.framework; path = Pods_ReplayKitMovieUITests.framework; sourceTree = BUILT_PRODUCTS_DIR; };
		06AACD641FB5CC1600858F31 /* CameraViewController.swift */ = {isa = PBXFileReference; lastKnownFileType = sourcecode.swift; path = CameraViewController.swift; sourceTree = "<group>"; };
		0BB57395EFEED0055420497A /* Pods_ReplayKitMovieTests.framework */ = {isa = PBXFileReference; explicitFileType = wrapper.framework; includeInIndex = 0; path = Pods_ReplayKitMovieTests.framework; sourceTree = BUILT_PRODUCTS_DIR; };
		15A851B49DC3B2461B2D2A89 /* Pods_ReplayKitMovieUITests.framework */ = {isa = PBXFileReference; explicitFileType = wrapper.framework; includeInIndex = 0; path = Pods_ReplayKitMovieUITests.framework; sourceTree = BUILT_PRODUCTS_DIR; };
		4446ECF2284573058F24DBCC /* Pods_ReplayKitMovie.framework */ = {isa = PBXFileReference; explicitFileType = wrapper.framework; includeInIndex = 0; path = Pods_ReplayKitMovie.framework; sourceTree = BUILT_PRODUCTS_DIR; };
		543A786EF9ED811EFAE45E98 /* Pods-ReplayKitMovie.release.xcconfig */ = {isa = PBXFileReference; includeInIndex = 1; lastKnownFileType = text.xcconfig; name = "Pods-ReplayKitMovie.release.xcconfig"; path = "Pods/Target Support Files/Pods-ReplayKitMovie/Pods-ReplayKitMovie.release.xcconfig"; sourceTree = "<group>"; };
		59CD34374B9F5E177768DAB2 /* Pods-ReplayKitMovieUITests.debug.xcconfig */ = {isa = PBXFileReference; includeInIndex = 1; lastKnownFileType = text.xcconfig; name = "Pods-ReplayKitMovieUITests.debug.xcconfig"; path = "Pods/Target Support Files/Pods-ReplayKitMovieUITests/Pods-ReplayKitMovieUITests.debug.xcconfig"; sourceTree = "<group>"; };
		7915780C23F9E0EF0E4601F2 /* Pods-ReplayKitMovieUITests.release.xcconfig */ = {isa = PBXFileReference; includeInIndex = 1; lastKnownFileType = text.xcconfig; name = "Pods-ReplayKitMovieUITests.release.xcconfig"; path = "Pods/Target Support Files/Pods-ReplayKitMovieUITests/Pods-ReplayKitMovieUITests.release.xcconfig"; sourceTree = "<group>"; };
		8C0E0B09E20A85F5D5883EFB /* Pods-ReplayKitMovieTests.release.xcconfig */ = {isa = PBXFileReference; includeInIndex = 1; lastKnownFileType = text.xcconfig; name = "Pods-ReplayKitMovieTests.release.xcconfig"; path = "Pods/Target Support Files/Pods-ReplayKitMovieTests/Pods-ReplayKitMovieTests.release.xcconfig"; sourceTree = "<group>"; };
		B54086B0337EBAB26055BD87 /* Pods-ReplayKitMovie.debug.xcconfig */ = {isa = PBXFileReference; includeInIndex = 1; lastKnownFileType = text.xcconfig; name = "Pods-ReplayKitMovie.debug.xcconfig"; path = "Pods/Target Support Files/Pods-ReplayKitMovie/Pods-ReplayKitMovie.debug.xcconfig"; sourceTree = "<group>"; };
		CA997B7E8576BDFD26E009FD /* Pods-ReplayKitMovieTests.debug.xcconfig */ = {isa = PBXFileReference; includeInIndex = 1; lastKnownFileType = text.xcconfig; name = "Pods-ReplayKitMovieTests.debug.xcconfig"; path = "Pods/Target Support Files/Pods-ReplayKitMovieTests/Pods-ReplayKitMovieTests.debug.xcconfig"; sourceTree = "<group>"; };
/* End PBXFileReference section */

/* Begin PBXFrameworksBuildPhase section */
		06AACD201FB4390600858F31 /* Frameworks */ = {
			isa = PBXFrameworksBuildPhase;
			buildActionMask = 2147483647;
			files = (
				06AACD5E1FB5C0A300858F31 /* Pods_ReplayKitMovieTests.framework in Frameworks */,
				06AACD5F1FB5C0A300858F31 /* Pods_ReplayKitMovieUITests.framework in Frameworks */,
				06AACD5A1FB5BEBD00858F31 /* Realm.framework in Frameworks */,
				06AACD5B1FB5BEBD00858F31 /* RealmSwift.framework in Frameworks */,
				06AACD561FB5BEB800858F31 /* Font_Awesome_Swift.framework in Frameworks */,
				06AACD571FB5BEB800858F31 /* Material.framework in Frameworks */,
				E1B6CE18682F4165C9FAA547 /* Pods_ReplayKitMovie.framework in Frameworks */,
			);
			runOnlyForDeploymentPostprocessing = 0;
		};
		06AACD341FB4390600858F31 /* Frameworks */ = {
			isa = PBXFrameworksBuildPhase;
			buildActionMask = 2147483647;
			files = (
				7B477F75954B977F770CF221 /* Pods_ReplayKitMovieTests.framework in Frameworks */,
			);
			runOnlyForDeploymentPostprocessing = 0;
		};
		06AACD3F1FB4390600858F31 /* Frameworks */ = {
			isa = PBXFrameworksBuildPhase;
			buildActionMask = 2147483647;
			files = (
				800ED0C8FFCA9847F36E0027 /* Pods_ReplayKitMovieUITests.framework in Frameworks */,
			);
			runOnlyForDeploymentPostprocessing = 0;
		};
/* End PBXFrameworksBuildPhase section */

/* Begin PBXGroup section */
		06AACD1A1FB4390600858F31 = {
			isa = PBXGroup;
			children = (
				06AACD251FB4390600858F31 /* ReplayKitMovie */,
				06AACD3A1FB4390600858F31 /* ReplayKitMovieTests */,
				06AACD451FB4390700858F31 /* ReplayKitMovieUITests */,
				06AACD241FB4390600858F31 /* Products */,
				57CFBDFEA01CCA668F25D1B0 /* Pods */,
				55A71826FCCF68DD32C06BF2 /* Frameworks */,
			);
			sourceTree = "<group>";
		};
		06AACD241FB4390600858F31 /* Products */ = {
			isa = PBXGroup;
			children = (
				06AACD231FB4390600858F31 /* ReplayKitMovie.app */,
				06AACD371FB4390600858F31 /* ReplayKitMovieTests.xctest */,
				06AACD421FB4390600858F31 /* ReplayKitMovieUITests.xctest */,
			);
			name = Products;
			sourceTree = "<group>";
		};
		06AACD251FB4390600858F31 /* ReplayKitMovie */ = {
			isa = PBXGroup;
			children = (
				06AACD261FB4390600858F31 /* AppDelegate.swift */,
				06AACD281FB4390600858F31 /* ViewController.swift */,
				06AACD2A1FB4390600858F31 /* Main.storyboard */,
				06AACD2D1FB4390600858F31 /* Assets.xcassets */,
				06AACD2F1FB4390600858F31 /* LaunchScreen.storyboard */,
				06AACD321FB4390600858F31 /* Info.plist */,
				06AACD541FB5BD3900858F31 /* TabcameraViewController.swift */,
				06AACD641FB5CC1600858F31 /* CameraViewController.swift */,
			);
			path = ReplayKitMovie;
			sourceTree = "<group>";
		};
		06AACD3A1FB4390600858F31 /* ReplayKitMovieTests */ = {
			isa = PBXGroup;
			children = (
				06AACD3B1FB4390600858F31 /* ReplayKitMovieTests.swift */,
				06AACD3D1FB4390600858F31 /* Info.plist */,
			);
			path = ReplayKitMovieTests;
			sourceTree = "<group>";
		};
		06AACD451FB4390700858F31 /* ReplayKitMovieUITests */ = {
			isa = PBXGroup;
			children = (
				06AACD461FB4390700858F31 /* ReplayKitMovieUITests.swift */,
				06AACD481FB4390700858F31 /* Info.plist */,
			);
			path = ReplayKitMovieUITests;
			sourceTree = "<group>";
		};
		55A71826FCCF68DD32C06BF2 /* Frameworks */ = {
			isa = PBXGroup;
			children = (
				06AACD601FB5C0A300858F31 /* Pods_ReplayKitMovieTests.framework */,
				06AACD611FB5C0A300858F31 /* Pods_ReplayKitMovieUITests.framework */,
				06AACD5C1FB5BEBD00858F31 /* Realm.framework */,
				06AACD5D1FB5BEBD00858F31 /* RealmSwift.framework */,
				06AACD581FB5BEB800858F31 /* Font_Awesome_Swift.framework */,
				06AACD591FB5BEB800858F31 /* Material.framework */,
				4446ECF2284573058F24DBCC /* Pods_ReplayKitMovie.framework */,
				0BB57395EFEED0055420497A /* Pods_ReplayKitMovieTests.framework */,
				15A851B49DC3B2461B2D2A89 /* Pods_ReplayKitMovieUITests.framework */,
			);
			name = Frameworks;
			sourceTree = "<group>";
		};
		57CFBDFEA01CCA668F25D1B0 /* Pods */ = {
			isa = PBXGroup;
			children = (
				B54086B0337EBAB26055BD87 /* Pods-ReplayKitMovie.debug.xcconfig */,
				543A786EF9ED811EFAE45E98 /* Pods-ReplayKitMovie.release.xcconfig */,
				CA997B7E8576BDFD26E009FD /* Pods-ReplayKitMovieTests.debug.xcconfig */,
				8C0E0B09E20A85F5D5883EFB /* Pods-ReplayKitMovieTests.release.xcconfig */,
				59CD34374B9F5E177768DAB2 /* Pods-ReplayKitMovieUITests.debug.xcconfig */,
				7915780C23F9E0EF0E4601F2 /* Pods-ReplayKitMovieUITests.release.xcconfig */,
			);
			name = Pods;
			sourceTree = "<group>";
		};
/* End PBXGroup section */

/* Begin PBXNativeTarget section */
		06AACD221FB4390600858F31 /* ReplayKitMovie */ = {
			isa = PBXNativeTarget;
			buildConfigurationList = 06AACD4B1FB4390700858F31 /* Build configuration list for PBXNativeTarget "ReplayKitMovie" */;
			buildPhases = (
				6AD590162434484B983E8044 /* [CP] Check Pods Manifest.lock */,
				06AACD1F1FB4390600858F31 /* Sources */,
				06AACD201FB4390600858F31 /* Frameworks */,
				06AACD211FB4390600858F31 /* Resources */,
				28DC608D702CCD0A88C96B55 /* [CP] Embed Pods Frameworks */,
				382C678065F4D788ACB9EDA7 /* [CP] Copy Pods Resources */,
			);
			buildRules = (
			);
			dependencies = (
			);
			name = ReplayKitMovie;
			productName = ReplayKitMovie;
			productReference = 06AACD231FB4390600858F31 /* ReplayKitMovie.app */;
			productType = "com.apple.product-type.application";
		};
		06AACD361FB4390600858F31 /* ReplayKitMovieTests */ = {
			isa = PBXNativeTarget;
			buildConfigurationList = 06AACD4E1FB4390700858F31 /* Build configuration list for PBXNativeTarget "ReplayKitMovieTests" */;
			buildPhases = (
				1A0C5D277E4CBC6AEB72255C /* [CP] Check Pods Manifest.lock */,
				06AACD331FB4390600858F31 /* Sources */,
				06AACD341FB4390600858F31 /* Frameworks */,
				06AACD351FB4390600858F31 /* Resources */,
				BDD67FB06FC170D07B61D5AA /* [CP] Embed Pods Frameworks */,
				4E28554DA2E89F2F7E77273A /* [CP] Copy Pods Resources */,
			);
			buildRules = (
			);
			dependencies = (
				06AACD391FB4390600858F31 /* PBXTargetDependency */,
			);
			name = ReplayKitMovieTests;
			productName = ReplayKitMovieTests;
			productReference = 06AACD371FB4390600858F31 /* ReplayKitMovieTests.xctest */;
			productType = "com.apple.product-type.bundle.unit-test";
		};
		06AACD411FB4390600858F31 /* ReplayKitMovieUITests */ = {
			isa = PBXNativeTarget;
			buildConfigurationList = 06AACD511FB4390700858F31 /* Build configuration list for PBXNativeTarget "ReplayKitMovieUITests" */;
			buildPhases = (
				26C39F17DAFD04859F6171DF /* [CP] Check Pods Manifest.lock */,
				06AACD3E1FB4390600858F31 /* Sources */,
				06AACD3F1FB4390600858F31 /* Frameworks */,
				06AACD401FB4390600858F31 /* Resources */,
				205659BE0F6683B00BD44562 /* [CP] Embed Pods Frameworks */,
				190AC5AC725CDEA2B773808D /* [CP] Copy Pods Resources */,
			);
			buildRules = (
			);
			dependencies = (
				06AACD441FB4390600858F31 /* PBXTargetDependency */,
			);
			name = ReplayKitMovieUITests;
			productName = ReplayKitMovieUITests;
			productReference = 06AACD421FB4390600858F31 /* ReplayKitMovieUITests.xctest */;
			productType = "com.apple.product-type.bundle.ui-testing";
		};
/* End PBXNativeTarget section */

/* Begin PBXProject section */
		06AACD1B1FB4390600858F31 /* Project object */ = {
			isa = PBXProject;
			attributes = {
				LastSwiftUpdateCheck = 0910;
				LastUpgradeCheck = 0910;
				ORGANIZATIONNAME = "Atsushi OMATA";
				TargetAttributes = {
					06AACD221FB4390600858F31 = {
						CreatedOnToolsVersion = 9.1;
						ProvisioningStyle = Automatic;
					};
					06AACD361FB4390600858F31 = {
						CreatedOnToolsVersion = 9.1;
						ProvisioningStyle = Automatic;
						TestTargetID = 06AACD221FB4390600858F31;
					};
					06AACD411FB4390600858F31 = {
						CreatedOnToolsVersion = 9.1;
						ProvisioningStyle = Automatic;
						TestTargetID = 06AACD221FB4390600858F31;
					};
				};
			};
			buildConfigurationList = 06AACD1E1FB4390600858F31 /* Build configuration list for PBXProject "ReplayKitMovie" */;
			compatibilityVersion = "Xcode 8.0";
			developmentRegion = en;
			hasScannedForEncodings = 0;
			knownRegions = (
				en,
				Base,
			);
			mainGroup = 06AACD1A1FB4390600858F31;
			productRefGroup = 06AACD241FB4390600858F31 /* Products */;
			projectDirPath = "";
			projectRoot = "";
			targets = (
				06AACD221FB4390600858F31 /* ReplayKitMovie */,
				06AACD361FB4390600858F31 /* ReplayKitMovieTests */,
				06AACD411FB4390600858F31 /* ReplayKitMovieUITests */,
			);
		};
/* End PBXProject section */

/* Begin PBXResourcesBuildPhase section */
		06AACD211FB4390600858F31 /* Resources */ = {
			isa = PBXResourcesBuildPhase;
			buildActionMask = 2147483647;
			files = (
				06AACD661FB5D93500858F31 /* CameraViewController.swift in Resources */,
				06AACD631FB5C0E600858F31 /* ViewController.swift in Resources */,
				06AACD621FB5C0DF00858F31 /* TabcameraViewController.swift in Resources */,
				06AACD311FB4390600858F31 /* LaunchScreen.storyboard in Resources */,
				06AACD2E1FB4390600858F31 /* Assets.xcassets in Resources */,
				06AACD2C1FB4390600858F31 /* Main.storyboard in Resources */,
			);
			runOnlyForDeploymentPostprocessing = 0;
		};
		06AACD351FB4390600858F31 /* Resources */ = {
			isa = PBXResourcesBuildPhase;
			buildActionMask = 2147483647;
			files = (
			);
			runOnlyForDeploymentPostprocessing = 0;
		};
		06AACD401FB4390600858F31 /* Resources */ = {
			isa = PBXResourcesBuildPhase;
			buildActionMask = 2147483647;
			files = (
			);
			runOnlyForDeploymentPostprocessing = 0;
		};
/* End PBXResourcesBuildPhase section */

/* Begin PBXShellScriptBuildPhase section */
		190AC5AC725CDEA2B773808D /* [CP] Copy Pods Resources */ = {
			isa = PBXShellScriptBuildPhase;
			buildActionMask = 2147483647;
			files = (
			);
			inputPaths = (
			);
			name = "[CP] Copy Pods Resources";
			outputPaths = (
			);
			runOnlyForDeploymentPostprocessing = 0;
			shellPath = /bin/sh;
			shellScript = "\"${SRCROOT}/Pods/Target Support Files/Pods-ReplayKitMovieUITests/Pods-ReplayKitMovieUITests-resources.sh\"\n";
			showEnvVarsInLog = 0;
		};
		1A0C5D277E4CBC6AEB72255C /* [CP] Check Pods Manifest.lock */ = {
			isa = PBXShellScriptBuildPhase;
			buildActionMask = 2147483647;
			files = (
			);
			inputPaths = (
				"${PODS_PODFILE_DIR_PATH}/Podfile.lock",
				"${PODS_ROOT}/Manifest.lock",
			);
			name = "[CP] Check Pods Manifest.lock";
			outputPaths = (
				"$(DERIVED_FILE_DIR)/Pods-ReplayKitMovieTests-checkManifestLockResult.txt",
			);
			runOnlyForDeploymentPostprocessing = 0;
			shellPath = /bin/sh;
			shellScript = "diff \"${PODS_PODFILE_DIR_PATH}/Podfile.lock\" \"${PODS_ROOT}/Manifest.lock\" > /dev/null\nif [ $? != 0 ] ; then\n    # print error to STDERR\n    echo \"error: The sandbox is not in sync with the Podfile.lock. Run 'pod install' or update your CocoaPods installation.\" >&2\n    exit 1\nfi\n# This output is used by Xcode 'outputs' to avoid re-running this script phase.\necho \"SUCCESS\" > \"${SCRIPT_OUTPUT_FILE_0}\"\n";
			showEnvVarsInLog = 0;
		};
		205659BE0F6683B00BD44562 /* [CP] Embed Pods Frameworks */ = {
			isa = PBXShellScriptBuildPhase;
			buildActionMask = 2147483647;
			files = (
			);
			inputPaths = (
			);
			name = "[CP] Embed Pods Frameworks";
			outputPaths = (
			);
			runOnlyForDeploymentPostprocessing = 0;
			shellPath = /bin/sh;
			shellScript = "\"${SRCROOT}/Pods/Target Support Files/Pods-ReplayKitMovieUITests/Pods-ReplayKitMovieUITests-frameworks.sh\"\n";
			showEnvVarsInLog = 0;
		};
		26C39F17DAFD04859F6171DF /* [CP] Check Pods Manifest.lock */ = {
			isa = PBXShellScriptBuildPhase;
			buildActionMask = 2147483647;
			files = (
			);
			inputPaths = (
				"${PODS_PODFILE_DIR_PATH}/Podfile.lock",
				"${PODS_ROOT}/Manifest.lock",
			);
			name = "[CP] Check Pods Manifest.lock";
			outputPaths = (
				"$(DERIVED_FILE_DIR)/Pods-ReplayKitMovieUITests-checkManifestLockResult.txt",
			);
			runOnlyForDeploymentPostprocessing = 0;
			shellPath = /bin/sh;
			shellScript = "diff \"${PODS_PODFILE_DIR_PATH}/Podfile.lock\" \"${PODS_ROOT}/Manifest.lock\" > /dev/null\nif [ $? != 0 ] ; then\n    # print error to STDERR\n    echo \"error: The sandbox is not in sync with the Podfile.lock. Run 'pod install' or update your CocoaPods installation.\" >&2\n    exit 1\nfi\n# This output is used by Xcode 'outputs' to avoid re-running this script phase.\necho \"SUCCESS\" > \"${SCRIPT_OUTPUT_FILE_0}\"\n";
			showEnvVarsInLog = 0;
		};
		28DC608D702CCD0A88C96B55 /* [CP] Embed Pods Frameworks */ = {
			isa = PBXShellScriptBuildPhase;
			buildActionMask = 2147483647;
			files = (
			);
			inputPaths = (
				"${SRCROOT}/Pods/Target Support Files/Pods-ReplayKitMovie/Pods-ReplayKitMovie-frameworks.sh",
				"${BUILT_PRODUCTS_DIR}/Font-Awesome-Swift/Font_Awesome_Swift.framework",
				"${BUILT_PRODUCTS_DIR}/Material/Material.framework",
				"${BUILT_PRODUCTS_DIR}/Realm/Realm.framework",
				"${BUILT_PRODUCTS_DIR}/RealmSwift/RealmSwift.framework",
			);
			name = "[CP] Embed Pods Frameworks";
			outputPaths = (
				"${TARGET_BUILD_DIR}/${FRAMEWORKS_FOLDER_PATH}/Font_Awesome_Swift.framework",
				"${TARGET_BUILD_DIR}/${FRAMEWORKS_FOLDER_PATH}/Material.framework",
				"${TARGET_BUILD_DIR}/${FRAMEWORKS_FOLDER_PATH}/Realm.framework",
				"${TARGET_BUILD_DIR}/${FRAMEWORKS_FOLDER_PATH}/RealmSwift.framework",
			);
			runOnlyForDeploymentPostprocessing = 0;
			shellPath = /bin/sh;
			shellScript = "\"${SRCROOT}/Pods/Target Support Files/Pods-ReplayKitMovie/Pods-ReplayKitMovie-frameworks.sh\"\n";
			showEnvVarsInLog = 0;
		};
		382C678065F4D788ACB9EDA7 /* [CP] Copy Pods Resources */ = {
			isa = PBXShellScriptBuildPhase;
			buildActionMask = 2147483647;
			files = (
			);
			inputPaths = (
			);
			name = "[CP] Copy Pods Resources";
			outputPaths = (
			);
			runOnlyForDeploymentPostprocessing = 0;
			shellPath = /bin/sh;
			shellScript = "\"${SRCROOT}/Pods/Target Support Files/Pods-ReplayKitMovie/Pods-ReplayKitMovie-resources.sh\"\n";
			showEnvVarsInLog = 0;
		};
		4E28554DA2E89F2F7E77273A /* [CP] Copy Pods Resources */ = {
			isa = PBXShellScriptBuildPhase;
			buildActionMask = 2147483647;
			files = (
			);
			inputPaths = (
			);
			name = "[CP] Copy Pods Resources";
			outputPaths = (
			);
			runOnlyForDeploymentPostprocessing = 0;
			shellPath = /bin/sh;
			shellScript = "\"${SRCROOT}/Pods/Target Support Files/Pods-ReplayKitMovieTests/Pods-ReplayKitMovieTests-resources.sh\"\n";
			showEnvVarsInLog = 0;
		};
		6AD590162434484B983E8044 /* [CP] Check Pods Manifest.lock */ = {
			isa = PBXShellScriptBuildPhase;
			buildActionMask = 2147483647;
			files = (
			);
			inputPaths = (
				"${PODS_PODFILE_DIR_PATH}/Podfile.lock",
				"${PODS_ROOT}/Manifest.lock",
			);
			name = "[CP] Check Pods Manifest.lock";
			outputPaths = (
				"$(DERIVED_FILE_DIR)/Pods-ReplayKitMovie-checkManifestLockResult.txt",
			);
			runOnlyForDeploymentPostprocessing = 0;
			shellPath = /bin/sh;
			shellScript = "diff \"${PODS_PODFILE_DIR_PATH}/Podfile.lock\" \"${PODS_ROOT}/Manifest.lock\" > /dev/null\nif [ $? != 0 ] ; then\n    # print error to STDERR\n    echo \"error: The sandbox is not in sync with the Podfile.lock. Run 'pod install' or update your CocoaPods installation.\" >&2\n    exit 1\nfi\n# This output is used by Xcode 'outputs' to avoid re-running this script phase.\necho \"SUCCESS\" > \"${SCRIPT_OUTPUT_FILE_0}\"\n";
			showEnvVarsInLog = 0;
		};
		BDD67FB06FC170D07B61D5AA /* [CP] Embed Pods Frameworks */ = {
			isa = PBXShellScriptBuildPhase;
			buildActionMask = 2147483647;
			files = (
			);
			inputPaths = (
			);
			name = "[CP] Embed Pods Frameworks";
			outputPaths = (
			);
			runOnlyForDeploymentPostprocessing = 0;
			shellPath = /bin/sh;
			shellScript = "\"${SRCROOT}/Pods/Target Support Files/Pods-ReplayKitMovieTests/Pods-ReplayKitMovieTests-frameworks.sh\"\n";
			showEnvVarsInLog = 0;
		};
/* End PBXShellScriptBuildPhase section */

/* Begin PBXSourcesBuildPhase section */
		06AACD1F1FB4390600858F31 /* Sources */ = {
			isa = PBXSourcesBuildPhase;
			buildActionMask = 2147483647;
			files = (
				06AACD291FB4390600858F31 /* ViewController.swift in Sources */,
				06AACD651FB5CC1600858F31 /* CameraViewController.swift in Sources */,
				06AACD551FB5BD3900858F31 /* TabcameraViewController.swift in Sources */,
				06AACD271FB4390600858F31 /* AppDelegate.swift in Sources */,
			);
			runOnlyForDeploymentPostprocessing = 0;
		};
		06AACD331FB4390600858F31 /* Sources */ = {
			isa = PBXSourcesBuildPhase;
			buildActionMask = 2147483647;
			files = (
				06AACD3C1FB4390600858F31 /* ReplayKitMovieTests.swift in Sources */,
			);
			runOnlyForDeploymentPostprocessing = 0;
		};
		06AACD3E1FB4390600858F31 /* Sources */ = {
			isa = PBXSourcesBuildPhase;
			buildActionMask = 2147483647;
			files = (
				06AACD471FB4390700858F31 /* ReplayKitMovieUITests.swift in Sources */,
			);
			runOnlyForDeploymentPostprocessing = 0;
		};
/* End PBXSourcesBuildPhase section */

/* Begin PBXTargetDependency section */
		06AACD391FB4390600858F31 /* PBXTargetDependency */ = {
			isa = PBXTargetDependency;
			target = 06AACD221FB4390600858F31 /* ReplayKitMovie */;
			targetProxy = 06AACD381FB4390600858F31 /* PBXContainerItemProxy */;
		};
		06AACD441FB4390600858F31 /* PBXTargetDependency */ = {
			isa = PBXTargetDependency;
			target = 06AACD221FB4390600858F31 /* ReplayKitMovie */;
			targetProxy = 06AACD431FB4390600858F31 /* PBXContainerItemProxy */;
		};
/* End PBXTargetDependency section */

/* Begin PBXVariantGroup section */
		06AACD2A1FB4390600858F31 /* Main.storyboard */ = {
			isa = PBXVariantGroup;
			children = (
				06AACD2B1FB4390600858F31 /* Base */,
			);
			name = Main.storyboard;
			sourceTree = "<group>";
		};
		06AACD2F1FB4390600858F31 /* LaunchScreen.storyboard */ = {
			isa = PBXVariantGroup;
			children = (
				06AACD301FB4390600858F31 /* Base */,
			);
			name = LaunchScreen.storyboard;
			sourceTree = "<group>";
		};
/* End PBXVariantGroup section */

/* Begin XCBuildConfiguration section */
		06AACD491FB4390700858F31 /* Debug */ = {
			isa = XCBuildConfiguration;
			buildSettings = {
				ALWAYS_SEARCH_USER_PATHS = NO;
				CLANG_ANALYZER_NONNULL = YES;
				CLANG_ANALYZER_NUMBER_OBJECT_CONVERSION = YES_AGGRESSIVE;
				CLANG_CXX_LANGUAGE_STANDARD = "gnu++14";
				CLANG_CXX_LIBRARY = "libc++";
				CLANG_ENABLE_MODULES = YES;
				CLANG_ENABLE_OBJC_ARC = YES;
				CLANG_WARN_BLOCK_CAPTURE_AUTORELEASING = YES;
				CLANG_WARN_BOOL_CONVERSION = YES;
				CLANG_WARN_COMMA = YES;
				CLANG_WARN_CONSTANT_CONVERSION = YES;
				CLANG_WARN_DIRECT_OBJC_ISA_USAGE = YES_ERROR;
				CLANG_WARN_DOCUMENTATION_COMMENTS = YES;
				CLANG_WARN_EMPTY_BODY = YES;
				CLANG_WARN_ENUM_CONVERSION = YES;
				CLANG_WARN_INFINITE_RECURSION = YES;
				CLANG_WARN_INT_CONVERSION = YES;
				CLANG_WARN_NON_LITERAL_NULL_CONVERSION = YES;
				CLANG_WARN_OBJC_LITERAL_CONVERSION = YES;
				CLANG_WARN_OBJC_ROOT_CLASS = YES_ERROR;
				CLANG_WARN_RANGE_LOOP_ANALYSIS = YES;
				CLANG_WARN_STRICT_PROTOTYPES = YES;
				CLANG_WARN_SUSPICIOUS_MOVE = YES;
				CLANG_WARN_UNGUARDED_AVAILABILITY = YES_AGGRESSIVE;
				CLANG_WARN_UNREACHABLE_CODE = YES;
				CLANG_WARN__DUPLICATE_METHOD_MATCH = YES;
				CODE_SIGN_IDENTITY = "iPhone Developer";
				COPY_PHASE_STRIP = NO;
				DEBUG_INFORMATION_FORMAT = dwarf;
				ENABLE_STRICT_OBJC_MSGSEND = YES;
				ENABLE_TESTABILITY = YES;
				GCC_C_LANGUAGE_STANDARD = gnu11;
				GCC_DYNAMIC_NO_PIC = NO;
				GCC_NO_COMMON_BLOCKS = YES;
				GCC_OPTIMIZATION_LEVEL = 0;
				GCC_PREPROCESSOR_DEFINITIONS = (
					"DEBUG=1",
					"$(inherited)",
				);
				GCC_WARN_64_TO_32_BIT_CONVERSION = YES;
				GCC_WARN_ABOUT_RETURN_TYPE = YES_ERROR;
				GCC_WARN_UNDECLARED_SELECTOR = YES;
				GCC_WARN_UNINITIALIZED_AUTOS = YES_AGGRESSIVE;
				GCC_WARN_UNUSED_FUNCTION = YES;
				GCC_WARN_UNUSED_VARIABLE = YES;
				IPHONEOS_DEPLOYMENT_TARGET = 11.1;
				MTL_ENABLE_DEBUG_INFO = YES;
				ONLY_ACTIVE_ARCH = YES;
				SDKROOT = iphoneos;
				SWIFT_ACTIVE_COMPILATION_CONDITIONS = DEBUG;
				SWIFT_OPTIMIZATION_LEVEL = "-Onone";
			};
			name = Debug;
		};
		06AACD4A1FB4390700858F31 /* Release */ = {
			isa = XCBuildConfiguration;
			buildSettings = {
				ALWAYS_SEARCH_USER_PATHS = NO;
				CLANG_ANALYZER_NONNULL = YES;
				CLANG_ANALYZER_NUMBER_OBJECT_CONVERSION = YES_AGGRESSIVE;
				CLANG_CXX_LANGUAGE_STANDARD = "gnu++14";
				CLANG_CXX_LIBRARY = "libc++";
				CLANG_ENABLE_MODULES = YES;
				CLANG_ENABLE_OBJC_ARC = YES;
				CLANG_WARN_BLOCK_CAPTURE_AUTORELEASING = YES;
				CLANG_WARN_BOOL_CONVERSION = YES;
				CLANG_WARN_COMMA = YES;
				CLANG_WARN_CONSTANT_CONVERSION = YES;
				CLANG_WARN_DIRECT_OBJC_ISA_USAGE = YES_ERROR;
				CLANG_WARN_DOCUMENTATION_COMMENTS = YES;
				CLANG_WARN_EMPTY_BODY = YES;
				CLANG_WARN_ENUM_CONVERSION = YES;
				CLANG_WARN_INFINITE_RECURSION = YES;
				CLANG_WARN_INT_CONVERSION = YES;
				CLANG_WARN_NON_LITERAL_NULL_CONVERSION = YES;
				CLANG_WARN_OBJC_LITERAL_CONVERSION = YES;
				CLANG_WARN_OBJC_ROOT_CLASS = YES_ERROR;
				CLANG_WARN_RANGE_LOOP_ANALYSIS = YES;
				CLANG_WARN_STRICT_PROTOTYPES = YES;
				CLANG_WARN_SUSPICIOUS_MOVE = YES;
				CLANG_WARN_UNGUARDED_AVAILABILITY = YES_AGGRESSIVE;
				CLANG_WARN_UNREACHABLE_CODE = YES;
				CLANG_WARN__DUPLICATE_METHOD_MATCH = YES;
				CODE_SIGN_IDENTITY = "iPhone Developer";
				COPY_PHASE_STRIP = NO;
				DEBUG_INFORMATION_FORMAT = "dwarf-with-dsym";
				ENABLE_NS_ASSERTIONS = NO;
				ENABLE_STRICT_OBJC_MSGSEND = YES;
				GCC_C_LANGUAGE_STANDARD = gnu11;
				GCC_NO_COMMON_BLOCKS = YES;
				GCC_WARN_64_TO_32_BIT_CONVERSION = YES;
				GCC_WARN_ABOUT_RETURN_TYPE = YES_ERROR;
				GCC_WARN_UNDECLARED_SELECTOR = YES;
				GCC_WARN_UNINITIALIZED_AUTOS = YES_AGGRESSIVE;
				GCC_WARN_UNUSED_FUNCTION = YES;
				GCC_WARN_UNUSED_VARIABLE = YES;
				IPHONEOS_DEPLOYMENT_TARGET = 11.1;
				MTL_ENABLE_DEBUG_INFO = NO;
				SDKROOT = iphoneos;
				SWIFT_OPTIMIZATION_LEVEL = "-Owholemodule";
				VALIDATE_PRODUCT = YES;
			};
			name = Release;
		};
		06AACD4C1FB4390700858F31 /* Debug */ = {
			isa = XCBuildConfiguration;
			baseConfigurationReference = B54086B0337EBAB26055BD87 /* Pods-ReplayKitMovie.debug.xcconfig */;
			buildSettings = {
				ASSETCATALOG_COMPILER_APPICON_NAME = AppIcon;
				CODE_SIGN_STYLE = Automatic;
				DEVELOPMENT_TEAM = JPWY7NPT2H;
				INFOPLIST_FILE = ReplayKitMovie/Info.plist;
				LD_RUNPATH_SEARCH_PATHS = "$(inherited) @executable_path/Frameworks";
				PRODUCT_BUNDLE_IDENTIFIER = com.omata.ReplayKitMovie;
				PRODUCT_NAME = "$(TARGET_NAME)";
				SWIFT_VERSION = 4.0;
				TARGETED_DEVICE_FAMILY = 2;
			};
			name = Debug;
		};
		06AACD4D1FB4390700858F31 /* Release */ = {
			isa = XCBuildConfiguration;
			baseConfigurationReference = 543A786EF9ED811EFAE45E98 /* Pods-ReplayKitMovie.release.xcconfig */;
			buildSettings = {
				ASSETCATALOG_COMPILER_APPICON_NAME = AppIcon;
				CODE_SIGN_STYLE = Automatic;
				DEVELOPMENT_TEAM = JPWY7NPT2H;
				INFOPLIST_FILE = ReplayKitMovie/Info.plist;
				LD_RUNPATH_SEARCH_PATHS = "$(inherited) @executable_path/Frameworks";
				PRODUCT_BUNDLE_IDENTIFIER = com.omata.ReplayKitMovie;
				PRODUCT_NAME = "$(TARGET_NAME)";
				SWIFT_VERSION = 4.0;
				TARGETED_DEVICE_FAMILY = 2;
			};
			name = Release;
		};
		06AACD4F1FB4390700858F31 /* Debug */ = {
			isa = XCBuildConfiguration;
			baseConfigurationReference = CA997B7E8576BDFD26E009FD /* Pods-ReplayKitMovieTests.debug.xcconfig */;
			buildSettings = {
				ALWAYS_EMBED_SWIFT_STANDARD_LIBRARIES = YES;
				BUNDLE_LOADER = "$(TEST_HOST)";
				CODE_SIGN_STYLE = Automatic;
				DEVELOPMENT_TEAM = KH5EUR7W5A;
				INFOPLIST_FILE = ReplayKitMovieTests/Info.plist;
				LD_RUNPATH_SEARCH_PATHS = "$(inherited) @executable_path/Frameworks @loader_path/Frameworks";
				PRODUCT_BUNDLE_IDENTIFIER = com.omata.ReplayKitMovieTests;
				PRODUCT_NAME = "$(TARGET_NAME)";
				SWIFT_VERSION = 4.0;
				TARGETED_DEVICE_FAMILY = "1,2";
				TEST_HOST = "$(BUILT_PRODUCTS_DIR)/ReplayKitMovie.app/ReplayKitMovie";
			};
			name = Debug;
		};
		06AACD501FB4390700858F31 /* Release */ = {
			isa = XCBuildConfiguration;
			baseConfigurationReference = 8C0E0B09E20A85F5D5883EFB /* Pods-ReplayKitMovieTests.release.xcconfig */;
			buildSettings = {
				ALWAYS_EMBED_SWIFT_STANDARD_LIBRARIES = YES;
				BUNDLE_LOADER = "$(TEST_HOST)";
				CODE_SIGN_STYLE = Automatic;
				DEVELOPMENT_TEAM = KH5EUR7W5A;
				INFOPLIST_FILE = ReplayKitMovieTests/Info.plist;
				LD_RUNPATH_SEARCH_PATHS = "$(inherited) @executable_path/Frameworks @loader_path/Frameworks";
				PRODUCT_BUNDLE_IDENTIFIER = com.omata.ReplayKitMovieTests;
				PRODUCT_NAME = "$(TARGET_NAME)";
				SWIFT_VERSION = 4.0;
				TARGETED_DEVICE_FAMILY = "1,2";
				TEST_HOST = "$(BUILT_PRODUCTS_DIR)/ReplayKitMovie.app/ReplayKitMovie";
			};
			name = Release;
		};
		06AACD521FB4390700858F31 /* Debug */ = {
			isa = XCBuildConfiguration;
			baseConfigurationReference = 59CD34374B9F5E177768DAB2 /* Pods-ReplayKitMovieUITests.debug.xcconfig */;
			buildSettings = {
				ALWAYS_EMBED_SWIFT_STANDARD_LIBRARIES = YES;
				CODE_SIGN_STYLE = Automatic;
				DEVELOPMENT_TEAM = KH5EUR7W5A;
				INFOPLIST_FILE = ReplayKitMovieUITests/Info.plist;
				LD_RUNPATH_SEARCH_PATHS = "$(inherited) @executable_path/Frameworks @loader_path/Frameworks";
				PRODUCT_BUNDLE_IDENTIFIER = com.omata.ReplayKitMovieUITests;
				PRODUCT_NAME = "$(TARGET_NAME)";
				SWIFT_VERSION = 4.0;
				TARGETED_DEVICE_FAMILY = "1,2";
				TEST_TARGET_NAME = ReplayKitMovie;
			};
			name = Debug;
		};
		06AACD531FB4390700858F31 /* Release */ = {
			isa = XCBuildConfiguration;
			baseConfigurationReference = 7915780C23F9E0EF0E4601F2 /* Pods-ReplayKitMovieUITests.release.xcconfig */;
			buildSettings = {
				ALWAYS_EMBED_SWIFT_STANDARD_LIBRARIES = YES;
				CODE_SIGN_STYLE = Automatic;
				DEVELOPMENT_TEAM = KH5EUR7W5A;
				INFOPLIST_FILE = ReplayKitMovieUITests/Info.plist;
				LD_RUNPATH_SEARCH_PATHS = "$(inherited) @executable_path/Frameworks @loader_path/Frameworks";
				PRODUCT_BUNDLE_IDENTIFIER = com.omata.ReplayKitMovieUITests;
				PRODUCT_NAME = "$(TARGET_NAME)";
				SWIFT_VERSION = 4.0;
				TARGETED_DEVICE_FAMILY = "1,2";
				TEST_TARGET_NAME = ReplayKitMovie;
			};
			name = Release;
		};
/* End XCBuildConfiguration section */

/* Begin XCConfigurationList section */
		06AACD1E1FB4390600858F31 /* Build configuration list for PBXProject "ReplayKitMovie" */ = {
			isa = XCConfigurationList;
			buildConfigurations = (
				06AACD491FB4390700858F31 /* Debug */,
				06AACD4A1FB4390700858F31 /* Release */,
			);
			defaultConfigurationIsVisible = 0;
			defaultConfigurationName = Release;
		};
		06AACD4B1FB4390700858F31 /* Build configuration list for PBXNativeTarget "ReplayKitMovie" */ = {
			isa = XCConfigurationList;
			buildConfigurations = (
				06AACD4C1FB4390700858F31 /* Debug */,
				06AACD4D1FB4390700858F31 /* Release */,
			);
			defaultConfigurationIsVisible = 0;
			defaultConfigurationName = Release;
		};
		06AACD4E1FB4390700858F31 /* Build configuration list for PBXNativeTarget "ReplayKitMovieTests" */ = {
			isa = XCConfigurationList;
			buildConfigurations = (
				06AACD4F1FB4390700858F31 /* Debug */,
				06AACD501FB4390700858F31 /* Release */,
			);
			defaultConfigurationIsVisible = 0;
			defaultConfigurationName = Release;
		};
		06AACD511FB4390700858F31 /* Build configuration list for PBXNativeTarget "ReplayKitMovieUITests" */ = {
			isa = XCConfigurationList;
			buildConfigurations = (
				06AACD521FB4390700858F31 /* Debug */,
				06AACD531FB4390700858F31 /* Release */,
			);
			defaultConfigurationIsVisible = 0;
			defaultConfigurationName = Release;
		};
/* End XCConfigurationList section */
	};
	rootObject = 06AACD1B1FB4390600858F31 /* Project object */;
}
